GEM
  remote: https://rubygems.org/
  specs:
    goldlapel (0.1.0.pre.rc5-aarch64-linux)
    goldlapel (0.1.0.pre.rc5-aarch64-linux-musl)
    goldlapel (0.1.0.pre.rc5-arm64-darwin)
    goldlapel (0.1.0.pre.rc5-x86_64-darwin)
    goldlapel (0.1.0.pre.rc5-x86_64-linux)
    goldlapel (0.1.0.pre.rc5-x86_64-linux-musl)
    pg (1.6.3-aarch64-linux)
    pg (1.6.3-aarch64-linux-musl)
    pg (1.6.3-arm64-darwin)
    pg (1.6.3-x86_64-darwin)
    pg (1.6.3-x86_64-linux)
    pg (1.6.3-x86_64-linux-musl)

PLATFORMS
  aarch64-linux
  aarch64-linux-musl
  arm64-darwin
  x86_64-darwin
  x86_64-linux
  x86_64-linux-musl

DEPENDENCIES
  goldlapel (>= 0.1.0.pre.rc5)
  pg

CHECKSUMS
  goldlapel (0.1.0.pre.rc5-aarch64-linux) sha256=666eeb5192b5b06262aedaea4774ae8f095e4a384e2b424e38c639c92c0aee65
  goldlapel (0.1.0.pre.rc5-aarch64-linux-musl) sha256=4e6c004137d15a42eb6d354901883aa43954434dd2322f53a8c159bda1cba642
  goldlapel (0.1.0.pre.rc5-arm64-darwin) sha256=8d19225333839c745f1e1c12c010d23e9860cf39a451e51c8d399d5c1f134228
  goldlapel (0.1.0.pre.rc5-x86_64-darwin) sha256=83f8c1f0adb58f483b36a90a4dedd91b22a72d521850cc7227115859628bcae7
  goldlapel (0.1.0.pre.rc5-x86_64-linux) sha256=7bb2a05f9e0981bbf4dcebd6d244ecc8249f092eec564a8d94382e418286d43d
  goldlapel (0.1.0.pre.rc5-x86_64-linux-musl) sha256=30c6c7d4acfa2b5cd61a8a5bcb28e32e8ab535dcb3b3b235a49b2d19e24994fd
  pg (1.6.3-aarch64-linux) sha256=0698ad563e02383c27510b76bf7d4cd2de19cd1d16a5013f375dd473e4be72ea
  pg (1.6.3-aarch64-linux-musl) sha256=06a75f4ea04b05140146f2a10550b8e0d9f006a79cdaf8b5b130cde40e3ecc2c
  pg (1.6.3-arm64-darwin) sha256=7240330b572e6355d7c75a7de535edb5dfcbd6295d9c7777df4d9dddfb8c0e5f
  pg (1.6.3-x86_64-darwin) sha256=ee2e04a17c0627225054ffeb43e31a95be9d7e93abda2737ea3ce4a62f2729d6
  pg (1.6.3-x86_64-linux) sha256=5d9e188c8f7a0295d162b7b88a768d8452a899977d44f3274d1946d67920ae8d
  pg (1.6.3-x86_64-linux-musl) sha256=9c9c90d98c72f78eb04c0f55e9618fe55d1512128e411035fe229ff427864009

BUNDLED WITH
  4.0.8
